
Microsoft Visual Studio Solution File, Format Version 12.00
# Visual Studio Version 16
VisualStudioVersion = 16.0.30011.22
MinimumVisualStudioVersion = 10.0.40219.1
Project("{FAE04EC0-301F-11D3-BF4B-00C04F79EFBC}") = "Mars_Rover", "Mars_Rover\Mars_Rover.csproj", "{6F4BB2FA-A85A-4121-B720-7E3B39A637BE}"
EndProject
Global
	GlobalSection(SolutionConfigurationPlatforms) = preSolution
		Debug|Any CPU = Debug|Any CPU
		Release|Any CPU = Release|Any CPU
	EndGlobalSection
	GlobalSection(ProjectConfigurationPlatforms) = postSolution
		{6F4BB2FA-A85A-4121-B720-7E3B39A637BE}.Debug|Any CPU.ActiveCfg = Debug|Any CPU
		{6F4BB2FA-A85A-4121-B720-7E3B39A637BE}.Debug|Any CPU.Build.0 = Debug|Any CPU
		{6F4BB2FA-A85A-4121-B720-7E3B39A637BE}.Release|Any CPU.ActiveCfg = Release|Any CPU
		{6F4BB2FA-A85A-4121-B720-7E3B39A637BE}.Release|Any CPU.Build.0 = Release|Any CPU
	EndGlobalSection
	GlobalSection(SolutionProperties) = preSolution
		HideSolutionNode = FALSE
	EndGlobalSection
	GlobalSection(ExtensibilityGlobals) = postSolution
		SolutionGuid = {4ABF9F34-E4AE-4BD9-BB90-CCD25EB78848}
	EndGlobalSection
EndGlobal
